
Microsoft Visual Studio Solution File, Format Version 12.00
# Visual Studio Version 16
VisualStudioVersion = 16.0.30114.105
MinimumVisualStudioVersion = 10.0.40219.1
Project("{FAE04EC0-301F-11D3-BF4B-00C04F79EFBC}") = "ELibrarySolution.ELibraryWebAPI", "ELibrarySolution.ELibraryWebAPI\ELibrarySolution.ELibraryWebAPI.csproj", "{CF76C836-9907-49ED-9C04-0242BA90573C}"
EndProject
Project("{FAE04EC0-301F-11D3-BF4B-00C04F79EFBC}") = "ELibrarySolution.ELibraryUtilities", "ELibrarySolution.ELibraryUtilities\ELibrarySolution.ELibraryUtilities.csproj", "{F2BC7A93-D837-446F-BE26-2928C41D8E18}"
EndProject
Project("{FAE04EC0-301F-11D3-BF4B-00C04F79EFBC}") = "ELibrarySolution.ELibraryData", "ELibrarySolution.ELibraryData\ELibrarySolution.ELibraryData.csproj", "{3EA64BD4-BF82-4029-A2C5-029F527D7ED5}"
EndProject
Project("{FAE04EC0-301F-11D3-BF4B-00C04F79EFBC}") = "ELibrarySolution.ELibraryService", "ELibrarySolution.ELibraryService\ELibrarySolution.ELibraryService.csproj", "{8E5D3BD5-ABB3-457C-B835-86CC3EE6BE9D}"
EndProject
Project("{FAE04EC0-301F-11D3-BF4B-00C04F79EFBC}") = "ELibrarySolution.ELibraryTest", "ELibrarySolution.ELibraryTest\ELibrarySolution.ELibraryTest.csproj", "{82522EEC-F6BF-4268-8EEB-5CB454A9E6B4}"
EndProject
Project("{FAE04EC0-301F-11D3-BF4B-00C04F79EFBC}") = "ELibrarySolution.ELibraryAdminAPI", "ELibrarySolution.ELibraryAdminAPI\ELibrarySolution.ELibraryAdminAPI.csproj", "{5994B7E4-981F-4783-817E-53CD4FB30F77}"
EndProject
Global
	GlobalSection(SolutionConfigurationPlatforms) = preSolution
		Debug|Any CPU = Debug|Any CPU
		Debug|x64 = Debug|x64
		Debug|x86 = Debug|x86
		Release|Any CPU = Release|Any CPU
		Release|x64 = Release|x64
		Release|x86 = Release|x86
	EndGlobalSection
	GlobalSection(SolutionProperties) = preSolution
		HideSolutionNode = FALSE
	EndGlobalSection
	GlobalSection(ProjectConfigurationPlatforms) = postSolution
		{CF76C836-9907-49ED-9C04-0242BA90573C}.Debug|Any CPU.ActiveCfg = Debug|Any CPU
		{CF76C836-9907-49ED-9C04-0242BA90573C}.Debug|Any CPU.Build.0 = Debug|Any CPU
		{CF76C836-9907-49ED-9C04-0242BA90573C}.Debug|x64.ActiveCfg = Debug|Any CPU
		{CF76C836-9907-49ED-9C04-0242BA90573C}.Debug|x64.Build.0 = Debug|Any CPU
		{CF76C836-9907-49ED-9C04-0242BA90573C}.Debug|x86.ActiveCfg = Debug|Any CPU
		{CF76C836-9907-49ED-9C04-0242BA90573C}.Debug|x86.Build.0 = Debug|Any CPU
		{CF76C836-9907-49ED-9C04-0242BA90573C}.Release|Any CPU.ActiveCfg = Release|Any CPU
		{CF76C836-9907-49ED-9C04-0242BA90573C}.Release|Any CPU.Build.0 = Release|Any CPU
		{CF76C836-9907-49ED-9C04-0242BA90573C}.Release|x64.ActiveCfg = Release|Any CPU
		{CF76C836-9907-49ED-9C04-0242BA90573C}.Release|x64.Build.0 = Release|Any CPU
		{CF76C836-9907-49ED-9C04-0242BA90573C}.Release|x86.ActiveCfg = Release|Any CPU
		{CF76C836-9907-49ED-9C04-0242BA90573C}.Release|x86.Build.0 = Release|Any CPU
		{F2BC7A93-D837-446F-BE26-2928C41D8E18}.Debug|Any CPU.ActiveCfg = Debug|Any CPU
		{F2BC7A93-D837-446F-BE26-2928C41D8E18}.Debug|Any CPU.Build.0 = Debug|Any CPU
		{F2BC7A93-D837-446F-BE26-2928C41D8E18}.Debug|x64.ActiveCfg = Debug|Any CPU
		{F2BC7A93-D837-446F-BE26-2928C41D8E18}.Debug|x64.Build.0 = Debug|Any CPU
		{F2BC7A93-D837-446F-BE26-2928C41D8E18}.Debug|x86.ActiveCfg = Debug|Any CPU
		{F2BC7A93-D837-446F-BE26-2928C41D8E18}.Debug|x86.Build.0 = Debug|Any CPU
		{F2BC7A93-D837-446F-BE26-2928C41D8E18}.Release|Any CPU.ActiveCfg = Release|Any CPU
		{F2BC7A93-D837-446F-BE26-2928C41D8E18}.Release|Any CPU.Build.0 = Release|Any CPU
		{F2BC7A93-D837-446F-BE26-2928C41D8E18}.Release|x64.ActiveCfg = Release|Any CPU
		{F2BC7A93-D837-446F-BE26-2928C41D8E18}.Release|x64.Build.0 = Release|Any CPU
		{F2BC7A93-D837-446F-BE26-2928C41D8E18}.Release|x86.ActiveCfg = Release|Any CPU
		{F2BC7A93-D837-446F-BE26-2928C41D8E18}.Release|x86.Build.0 = Release|Any CPU
		{3EA64BD4-BF82-4029-A2C5-029F527D7ED5}.Debug|Any CPU.ActiveCfg = Debug|Any CPU
		{3EA64BD4-BF82-4029-A2C5-029F527D7ED5}.Debug|Any CPU.Build.0 = Debug|Any CPU
		{3EA64BD4-BF82-4029-A2C5-029F527D7ED5}.Debug|x64.ActiveCfg = Debug|Any CPU
		{3EA64BD4-BF82-4029-A2C5-029F527D7ED5}.Debug|x64.Build.0 = Debug|Any CPU
		{3EA64BD4-BF82-4029-A2C5-029F527D7ED5}.Debug|x86.ActiveCfg = Debug|Any CPU
		{3EA64BD4-BF82-4029-A2C5-029F527D7ED5}.Debug|x86.Build.0 = Debug|Any CPU
		{3EA64BD4-BF82-4029-A2C5-029F527D7ED5}.Release|Any CPU.ActiveCfg = Release|Any CPU
		{3EA64BD4-BF82-4029-A2C5-029F527D7ED5}.Release|Any CPU.Build.0 = Release|Any CPU
		{3EA64BD4-BF82-4029-A2C5-029F527D7ED5}.Release|x64.ActiveCfg = Release|Any CPU
		{3EA64BD4-BF82-4029-A2C5-029F527D7ED5}.Release|x64.Build.0 = Release|Any CPU
		{3EA64BD4-BF82-4029-A2C5-029F527D7ED5}.Release|x86.ActiveCfg = Release|Any CPU
		{3EA64BD4-BF82-4029-A2C5-029F527D7ED5}.Release|x86.Build.0 = Release|Any CPU
		{8E5D3BD5-ABB3-457C-B835-86CC3EE6BE9D}.Debug|Any CPU.ActiveCfg = Debug|Any CPU
		{8E5D3BD5-ABB3-457C-B835-86CC3EE6BE9D}.Debug|Any CPU.Build.0 = Debug|Any CPU
		{8E5D3BD5-ABB3-457C-B835-86CC3EE6BE9D}.Debug|x64.ActiveCfg = Debug|Any CPU
		{8E5D3BD5-ABB3-457C-B835-86CC3EE6BE9D}.Debug|x64.Build.0 = Debug|Any CPU
		{8E5D3BD5-ABB3-457C-B835-86CC3EE6BE9D}.Debug|x86.ActiveCfg = Debug|Any CPU
		{8E5D3BD5-ABB3-457C-B835-86CC3EE6BE9D}.Debug|x86.Build.0 = Debug|Any CPU
		{8E5D3BD5-ABB3-457C-B835-86CC3EE6BE9D}.Release|Any CPU.ActiveCfg = Release|Any CPU
		{8E5D3BD5-ABB3-457C-B835-86CC3EE6BE9D}.Release|Any CPU.Build.0 = Release|Any CPU
		{8E5D3BD5-ABB3-457C-B835-86CC3EE6BE9D}.Release|x64.ActiveCfg = Release|Any CPU
		{8E5D3BD5-ABB3-457C-B835-86CC3EE6BE9D}.Release|x64.Build.0 = Release|Any CPU
		{8E5D3BD5-ABB3-457C-B835-86CC3EE6BE9D}.Release|x86.ActiveCfg = Release|Any CPU
		{8E5D3BD5-ABB3-457C-B835-86CC3EE6BE9D}.Release|x86.Build.0 = Release|Any CPU
		{82522EEC-F6BF-4268-8EEB-5CB454A9E6B4}.Debug|Any CPU.ActiveCfg = Debug|Any CPU
		{82522EEC-F6BF-4268-8EEB-5CB454A9E6B4}.Debug|Any CPU.Build.0 = Debug|Any CPU
		{82522EEC-F6BF-4268-8EEB-5CB454A9E6B4}.Debug|x64.ActiveCfg = Debug|Any CPU
		{82522EEC-F6BF-4268-8EEB-5CB454A9E6B4}.Debug|x64.Build.0 = Debug|Any CPU
		{82522EEC-F6BF-4268-8EEB-5CB454A9E6B4}.Debug|x86.ActiveCfg = Debug|Any CPU
		{82522EEC-F6BF-4268-8EEB-5CB454A9E6B4}.Debug|x86.Build.0 = Debug|Any CPU
		{82522EEC-F6BF-4268-8EEB-5CB454A9E6B4}.Release|Any CPU.ActiveCfg = Release|Any CPU
		{82522EEC-F6BF-4268-8EEB-5CB454A9E6B4}.Release|Any CPU.Build.0 = Release|Any CPU
		{82522EEC-F6BF-4268-8EEB-5CB454A9E6B4}.Release|x64.ActiveCfg = Release|Any CPU
		{82522EEC-F6BF-4268-8EEB-5CB454A9E6B4}.Release|x64.Build.0 = Release|Any CPU
		{82522EEC-F6BF-4268-8EEB-5CB454A9E6B4}.Release|x86.ActiveCfg = Release|Any CPU
		{82522EEC-F6BF-4268-8EEB-5CB454A9E6B4}.Release|x86.Build.0 = Release|Any CPU
		{5994B7E4-981F-4783-817E-53CD4FB30F77}.Debug|Any CPU.ActiveCfg = Debug|Any CPU
		{5994B7E4-981F-4783-817E-53CD4FB30F77}.Debug|Any CPU.Build.0 = Debug|Any CPU
		{5994B7E4-981F-4783-817E-53CD4FB30F77}.Debug|x64.ActiveCfg = Debug|Any CPU
		{5994B7E4-981F-4783-817E-53CD4FB30F77}.Debug|x64.Build.0 = Debug|Any CPU
		{5994B7E4-981F-4783-817E-53CD4FB30F77}.Debug|x86.ActiveCfg = Debug|Any CPU
		{5994B7E4-981F-4783-817E-53CD4FB30F77}.Debug|x86.Build.0 = Debug|Any CPU
		{5994B7E4-981F-4783-817E-53CD4FB30F77}.Release|Any CPU.ActiveCfg = Release|Any CPU
		{5994B7E4-981F-4783-817E-53CD4FB30F77}.Release|Any CPU.Build.0 = Release|Any CPU
		{5994B7E4-981F-4783-817E-53CD4FB30F77}.Release|x64.ActiveCfg = Release|Any CPU
		{5994B7E4-981F-4783-817E-53CD4FB30F77}.Release|x64.Build.0 = Release|Any CPU
		{5994B7E4-981F-4783-817E-53CD4FB30F77}.Release|x86.ActiveCfg = Release|Any CPU
		{5994B7E4-981F-4783-817E-53CD4FB30F77}.Release|x86.Build.0 = Release|Any CPU
	EndGlobalSection
EndGlobal
