
Microsoft Visual Studio Solution File, Format Version 12.00
# Visual Studio Version 16
VisualStudioVersion = 16.0.30114.105
MinimumVisualStudioVersion = 10.0.40219.1
Project("{FAE04EC0-301F-11D3-BF4B-00C04F79EFBC}") = "26062021", "26062021\26062021.csproj", "{EDECA8B8-5D1F-4367-A1AB-B8A4F1F40020}"
EndProject
Project("{FAE04EC0-301F-11D3-BF4B-00C04F79EFBC}") = "26062021Tests", "26062021Tests\26062021Tests.csproj", "{1A12D047-FBFA-4C3C-814C-B3B6F6DBC5EA}"
EndProject
Global
	GlobalSection(SolutionConfigurationPlatforms) = preSolution
		Debug|Any CPU = Debug|Any CPU
		Debug|x64 = Debug|x64
		Debug|x86 = Debug|x86
		Release|Any CPU = Release|Any CPU
		Release|x64 = Release|x64
		Release|x86 = Release|x86
	EndGlobalSection
	GlobalSection(SolutionProperties) = preSolution
		HideSolutionNode = FALSE
	EndGlobalSection
	GlobalSection(ProjectConfigurationPlatforms) = postSolution
		{EDECA8B8-5D1F-4367-A1AB-B8A4F1F40020}.Debug|Any CPU.ActiveCfg = Debug|Any CPU
		{EDECA8B8-5D1F-4367-A1AB-B8A4F1F40020}.Debug|Any CPU.Build.0 = Debug|Any CPU
		{EDECA8B8-5D1F-4367-A1AB-B8A4F1F40020}.Debug|x64.ActiveCfg = Debug|Any CPU
		{EDECA8B8-5D1F-4367-A1AB-B8A4F1F40020}.Debug|x64.Build.0 = Debug|Any CPU
		{EDECA8B8-5D1F-4367-A1AB-B8A4F1F40020}.Debug|x86.ActiveCfg = Debug|Any CPU
		{EDECA8B8-5D1F-4367-A1AB-B8A4F1F40020}.Debug|x86.Build.0 = Debug|Any CPU
		{EDECA8B8-5D1F-4367-A1AB-B8A4F1F40020}.Release|Any CPU.ActiveCfg = Release|Any CPU
		{EDECA8B8-5D1F-4367-A1AB-B8A4F1F40020}.Release|Any CPU.Build.0 = Release|Any CPU
		{EDECA8B8-5D1F-4367-A1AB-B8A4F1F40020}.Release|x64.ActiveCfg = Release|Any CPU
		{EDECA8B8-5D1F-4367-A1AB-B8A4F1F40020}.Release|x64.Build.0 = Release|Any CPU
		{EDECA8B8-5D1F-4367-A1AB-B8A4F1F40020}.Release|x86.ActiveCfg = Release|Any CPU
		{EDECA8B8-5D1F-4367-A1AB-B8A4F1F40020}.Release|x86.Build.0 = Release|Any CPU
		{1A12D047-FBFA-4C3C-814C-B3B6F6DBC5EA}.Debug|Any CPU.ActiveCfg = Debug|Any CPU
		{1A12D047-FBFA-4C3C-814C-B3B6F6DBC5EA}.Debug|Any CPU.Build.0 = Debug|Any CPU
		{1A12D047-FBFA-4C3C-814C-B3B6F6DBC5EA}.Debug|x64.ActiveCfg = Debug|Any CPU
		{1A12D047-FBFA-4C3C-814C-B3B6F6DBC5EA}.Debug|x64.Build.0 = Debug|Any CPU
		{1A12D047-FBFA-4C3C-814C-B3B6F6DBC5EA}.Debug|x86.ActiveCfg = Debug|Any CPU
		{1A12D047-FBFA-4C3C-814C-B3B6F6DBC5EA}.Debug|x86.Build.0 = Debug|Any CPU
		{1A12D047-FBFA-4C3C-814C-B3B6F6DBC5EA}.Release|Any CPU.ActiveCfg = Release|Any CPU
		{1A12D047-FBFA-4C3C-814C-B3B6F6DBC5EA}.Release|Any CPU.Build.0 = Release|Any CPU
		{1A12D047-FBFA-4C3C-814C-B3B6F6DBC5EA}.Release|x64.ActiveCfg = Release|Any CPU
		{1A12D047-FBFA-4C3C-814C-B3B6F6DBC5EA}.Release|x64.Build.0 = Release|Any CPU
		{1A12D047-FBFA-4C3C-814C-B3B6F6DBC5EA}.Release|x86.ActiveCfg = Release|Any CPU
		{1A12D047-FBFA-4C3C-814C-B3B6F6DBC5EA}.Release|x86.Build.0 = Release|Any CPU
	EndGlobalSection
EndGlobal
