
Microsoft Visual Studio Solution File, Format Version 12.00
# Visual Studio Version 16
VisualStudioVersion = 16.0.30114.105
MinimumVisualStudioVersion = 10.0.40219.1
Project("{FAE04EC0-301F-11D3-BF4B-00C04F79EFBC}") = "ELibrary.WebAPI", "ELibrary.WebAPI\ELibrary.WebAPI.csproj", "{CF76C836-9907-49ED-9C04-0242BA90573C}"
EndProject
Project("{FAE04EC0-301F-11D3-BF4B-00C04F79EFBC}") = "ELibrary.Utilities", "ELibrary.Utilities\ELibrary.Utilities.csproj", "{F2BC7A93-D837-446F-BE26-2928C41D8E18}"
EndProject
Project("{FAE04EC0-301F-11D3-BF4B-00C04F79EFBC}") = "ELibrary.Data", "ELibrary.Data\ELibrary.Data.csproj", "{3EA64BD4-BF82-4029-A2C5-029F527D7ED5}"
EndProject
Project("{FAE04EC0-301F-11D3-BF4B-00C04F79EFBC}") = "ELibrary.Service", "ELibrary.Service\ELibrary.Service.csproj", "{8E5D3BD5-ABB3-457C-B835-86CC3EE6BE9D}"
EndProject
Project("{FAE04EC0-301F-11D3-BF4B-00C04F79EFBC}") = "ELibrary.AdminAPI", "ELibrary.AdminAPI\ELibrary.AdminAPI.csproj", "{5994B7E4-981F-4783-817E-53CD4FB30F77}"
EndProject
Project("{FAE04EC0-301F-11D3-BF4B-00C04F79EFBC}") = "ELibrary.Test", "ELibrary.Test\ELibrary.Test.csproj", "{16CBE455-6487-4E1D-8037-3646514AB484}"
EndProject
Global
	GlobalSection(SolutionConfigurationPlatforms) = preSolution
		Debug|Any CPU = Debug|Any CPU
		Debug|x64 = Debug|x64
		Debug|x86 = Debug|x86
		Release|Any CPU = Release|Any CPU
		Release|x64 = Release|x64
		Release|x86 = Release|x86
	EndGlobalSection
	GlobalSection(SolutionProperties) = preSolution
		HideSolutionNode = FALSE
	EndGlobalSection
	GlobalSection(ProjectConfigurationPlatforms) = postSolution
		{CF76C836-9907-49ED-9C04-0242BA90573C}.Debug|Any CPU.ActiveCfg = Debug|Any CPU
		{CF76C836-9907-49ED-9C04-0242BA90573C}.Debug|Any CPU.Build.0 = Debug|Any CPU
		{CF76C836-9907-49ED-9C04-0242BA90573C}.Debug|x64.ActiveCfg = Debug|Any CPU
		{CF76C836-9907-49ED-9C04-0242BA90573C}.Debug|x64.Build.0 = Debug|Any CPU
		{CF76C836-9907-49ED-9C04-0242BA90573C}.Debug|x86.ActiveCfg = Debug|Any CPU
		{CF76C836-9907-49ED-9C04-0242BA90573C}.Debug|x86.Build.0 = Debug|Any CPU
		{CF76C836-9907-49ED-9C04-0242BA90573C}.Release|Any CPU.ActiveCfg = Release|Any CPU
		{CF76C836-9907-49ED-9C04-0242BA90573C}.Release|Any CPU.Build.0 = Release|Any CPU
		{CF76C836-9907-49ED-9C04-0242BA90573C}.Release|x64.ActiveCfg = Release|Any CPU
		{CF76C836-9907-49ED-9C04-0242BA90573C}.Release|x64.Build.0 = Release|Any CPU
		{CF76C836-9907-49ED-9C04-0242BA90573C}.Release|x86.ActiveCfg = Release|Any CPU
		{CF76C836-9907-49ED-9C04-0242BA90573C}.Release|x86.Build.0 = Release|Any CPU
		{F2BC7A93-D837-446F-BE26-2928C41D8E18}.Debug|Any CPU.ActiveCfg = Debug|Any CPU
		{F2BC7A93-D837-446F-BE26-2928C41D8E18}.Debug|Any CPU.Build.0 = Debug|Any CPU
		{F2BC7A93-D837-446F-BE26-2928C41D8E18}.Debug|x64.ActiveCfg = Debug|Any CPU
		{F2BC7A93-D837-446F-BE26-2928C41D8E18}.Debug|x64.Build.0 = Debug|Any CPU
		{F2BC7A93-D837-446F-BE26-2928C41D8E18}.Debug|x86.ActiveCfg = Debug|Any CPU
		{F2BC7A93-D837-446F-BE26-2928C41D8E18}.Debug|x86.Build.0 = Debug|Any CPU
		{F2BC7A93-D837-446F-BE26-2928C41D8E18}.Release|Any CPU.ActiveCfg = Release|Any CPU
		{F2BC7A93-D837-446F-BE26-2928C41D8E18}.Release|Any CPU.Build.0 = Release|Any CPU
		{F2BC7A93-D837-446F-BE26-2928C41D8E18}.Release|x64.ActiveCfg = Release|Any CPU
		{F2BC7A93-D837-446F-BE26-2928C41D8E18}.Release|x64.Build.0 = Release|Any CPU
		{F2BC7A93-D837-446F-BE26-2928C41D8E18}.Release|x86.ActiveCfg = Release|Any CPU
		{F2BC7A93-D837-446F-BE26-2928C41D8E18}.Release|x86.Build.0 = Release|Any CPU
		{3EA64BD4-BF82-4029-A2C5-029F527D7ED5}.Debug|Any CPU.ActiveCfg = Debug|Any CPU
		{3EA64BD4-BF82-4029-A2C5-029F527D7ED5}.Debug|Any CPU.Build.0 = Debug|Any CPU
		{3EA64BD4-BF82-4029-A2C5-029F527D7ED5}.Debug|x64.ActiveCfg = Debug|Any CPU
		{3EA64BD4-BF82-4029-A2C5-029F527D7ED5}.Debug|x64.Build.0 = Debug|Any CPU
		{3EA64BD4-BF82-4029-A2C5-029F527D7ED5}.Debug|x86.ActiveCfg = Debug|Any CPU
		{3EA64BD4-BF82-4029-A2C5-029F527D7ED5}.Debug|x86.Build.0 = Debug|Any CPU
		{3EA64BD4-BF82-4029-A2C5-029F527D7ED5}.Release|Any CPU.ActiveCfg = Release|Any CPU
		{3EA64BD4-BF82-4029-A2C5-029F527D7ED5}.Release|Any CPU.Build.0 = Release|Any CPU
		{3EA64BD4-BF82-4029-A2C5-029F527D7ED5}.Release|x64.ActiveCfg = Release|Any CPU
		{3EA64BD4-BF82-4029-A2C5-029F527D7ED5}.Release|x64.Build.0 = Release|Any CPU
		{3EA64BD4-BF82-4029-A2C5-029F527D7ED5}.Release|x86.ActiveCfg = Release|Any CPU
		{3EA64BD4-BF82-4029-A2C5-029F527D7ED5}.Release|x86.Build.0 = Release|Any CPU
		{8E5D3BD5-ABB3-457C-B835-86CC3EE6BE9D}.Debug|Any CPU.ActiveCfg = Debug|Any CPU
		{8E5D3BD5-ABB3-457C-B835-86CC3EE6BE9D}.Debug|Any CPU.Build.0 = Debug|Any CPU
		{8E5D3BD5-ABB3-457C-B835-86CC3EE6BE9D}.Debug|x64.ActiveCfg = Debug|Any CPU
		{8E5D3BD5-ABB3-457C-B835-86CC3EE6BE9D}.Debug|x64.Build.0 = Debug|Any CPU
		{8E5D3BD5-ABB3-457C-B835-86CC3EE6BE9D}.Debug|x86.ActiveCfg = Debug|Any CPU
		{8E5D3BD5-ABB3-457C-B835-86CC3EE6BE9D}.Debug|x86.Build.0 = Debug|Any CPU
		{8E5D3BD5-ABB3-457C-B835-86CC3EE6BE9D}.Release|Any CPU.ActiveCfg = Release|Any CPU
		{8E5D3BD5-ABB3-457C-B835-86CC3EE6BE9D}.Release|Any CPU.Build.0 = Release|Any CPU
		{8E5D3BD5-ABB3-457C-B835-86CC3EE6BE9D}.Release|x64.ActiveCfg = Release|Any CPU
		{8E5D3BD5-ABB3-457C-B835-86CC3EE6BE9D}.Release|x64.Build.0 = Release|Any CPU
		{8E5D3BD5-ABB3-457C-B835-86CC3EE6BE9D}.Release|x86.ActiveCfg = Release|Any CPU
		{8E5D3BD5-ABB3-457C-B835-86CC3EE6BE9D}.Release|x86.Build.0 = Release|Any CPU
		{5994B7E4-981F-4783-817E-53CD4FB30F77}.Debug|Any CPU.ActiveCfg = Debug|Any CPU
		{5994B7E4-981F-4783-817E-53CD4FB30F77}.Debug|Any CPU.Build.0 = Debug|Any CPU
		{5994B7E4-981F-4783-817E-53CD4FB30F77}.Debug|x64.ActiveCfg = Debug|Any CPU
		{5994B7E4-981F-4783-817E-53CD4FB30F77}.Debug|x64.Build.0 = Debug|Any CPU
		{5994B7E4-981F-4783-817E-53CD4FB30F77}.Debug|x86.ActiveCfg = Debug|Any CPU
		{5994B7E4-981F-4783-817E-53CD4FB30F77}.Debug|x86.Build.0 = Debug|Any CPU
		{5994B7E4-981F-4783-817E-53CD4FB30F77}.Release|Any CPU.ActiveCfg = Release|Any CPU
		{5994B7E4-981F-4783-817E-53CD4FB30F77}.Release|Any CPU.Build.0 = Release|Any CPU
		{5994B7E4-981F-4783-817E-53CD4FB30F77}.Release|x64.ActiveCfg = Release|Any CPU
		{5994B7E4-981F-4783-817E-53CD4FB30F77}.Release|x64.Build.0 = Release|Any CPU
		{5994B7E4-981F-4783-817E-53CD4FB30F77}.Release|x86.ActiveCfg = Release|Any CPU
		{5994B7E4-981F-4783-817E-53CD4FB30F77}.Release|x86.Build.0 = Release|Any CPU
		{16CBE455-6487-4E1D-8037-3646514AB484}.Debug|Any CPU.ActiveCfg = Debug|Any CPU
		{16CBE455-6487-4E1D-8037-3646514AB484}.Debug|Any CPU.Build.0 = Debug|Any CPU
		{16CBE455-6487-4E1D-8037-3646514AB484}.Debug|x64.ActiveCfg = Debug|Any CPU
		{16CBE455-6487-4E1D-8037-3646514AB484}.Debug|x64.Build.0 = Debug|Any CPU
		{16CBE455-6487-4E1D-8037-3646514AB484}.Debug|x86.ActiveCfg = Debug|Any CPU
		{16CBE455-6487-4E1D-8037-3646514AB484}.Debug|x86.Build.0 = Debug|Any CPU
		{16CBE455-6487-4E1D-8037-3646514AB484}.Release|Any CPU.ActiveCfg = Release|Any CPU
		{16CBE455-6487-4E1D-8037-3646514AB484}.Release|Any CPU.Build.0 = Release|Any CPU
		{16CBE455-6487-4E1D-8037-3646514AB484}.Release|x64.ActiveCfg = Release|Any CPU
		{16CBE455-6487-4E1D-8037-3646514AB484}.Release|x64.Build.0 = Release|Any CPU
		{16CBE455-6487-4E1D-8037-3646514AB484}.Release|x86.ActiveCfg = Release|Any CPU
		{16CBE455-6487-4E1D-8037-3646514AB484}.Release|x86.Build.0 = Release|Any CPU
	EndGlobalSection
EndGlobal
